// !$*UTF8*$!
{
	archiveVersion = 1;
	classes = {
	};
	objectVersion = 56;
	objects = {

/* Begin PBXBuildFile section */
		701F6A9E2E200D60001F94F4 /* AppDelegate.swift in Sources */ = {isa = PBXBuildFile; fileRef = 701F6A9D2E200D60001F94F4 /* AppDelegate.swift */; };
		701F6AA02E200D60001F94F4 /* SceneDelegate.swift in Sources */ = {isa = PBXBuildFile; fileRef = 701F6A9F2E200D60001F94F4 /* SceneDelegate.swift */; };
		701F6AA22E200D60001F94F4 /* ViewController.swift in Sources */ = {isa = PBXBuildFile; fileRef = 701F6AA12E200D60001F94F4 /* ViewController.swift */; };
		701F6AA52E200D60001F94F4 /* Main.storyboard in Resources */ = {isa = PBXBuildFile; fileRef = 701F6AA32E200D60001F94F4 /* Main.storyboard */; };
		701F6AA82E200D60001F94F4 /* TapAssignment.xcdatamodeld in Sources */ = {isa = PBXBuildFile; fileRef = 701F6AA62E200D60001F94F4 /* TapAssignment.xcdatamodeld */; };
		701F6AAA2E200D61001F94F4 /* Assets.xcassets in Resources */ = {isa = PBXBuildFile; fileRef = 701F6AA92E200D61001F94F4 /* Assets.xcassets */; };
		701F6AAD2E200D61001F94F4 /* LaunchScreen.storyboard in Resources */ = {isa = PBXBuildFile; fileRef = 701F6AAB2E200D61001F94F4 /* LaunchScreen.storyboard */; };
		701F6AB82E200D61001F94F4 /* TapAssignmentTests.swift in Sources */ = {isa = PBXBuildFile; fileRef = 701F6AB72E200D61001F94F4 /* TapAssignmentTests.swift */; };
		701F6AC22E200D61001F94F4 /* TapAssignmentUITests.swift in Sources */ = {isa = PBXBuildFile; fileRef = 701F6AC12E200D61001F94F4 /* TapAssignmentUITests.swift */; };
		701F6AC42E200D61001F94F4 /* TapAssignmentUITestsLaunchTests.swift in Sources */ = {isa = PBXBuildFile; fileRef = 701F6AC32E200D61001F94F4 /* TapAssignmentUITestsLaunchTests.swift */; };
		70944D862E202EC300526319 /* BondListItem.swift in Sources */ = {isa = PBXBuildFile; fileRef = 70944D852E202EC300526319 /* BondListItem.swift */; };
		70944D8B2E2030AD00526319 /* BondListService.swift in Sources */ = {isa = PBXBuildFile; fileRef = 70944D8A2E2030AD00526319 /* BondListService.swift */; };
		70944D8F2E20310C00526319 /* BondListViewModel.swift in Sources */ = {isa = PBXBuildFile; fileRef = 70944D8E2E20310C00526319 /* BondListViewModel.swift */; };
		70944D922E20319F00526319 /* BondListViewController.swift in Sources */ = {isa = PBXBuildFile; fileRef = 70944D912E20319F00526319 /* BondListViewController.swift */; };
		70944D952E20365700526319 /* BondCell.swift in Sources */ = {isa = PBXBuildFile; fileRef = 70944D942E20365700526319 /* BondCell.swift */; };
		70944D972E2038B100526319 /* BondDetail.swift in Sources */ = {isa = PBXBuildFile; fileRef = 70944D962E2038B100526319 /* BondDetail.swift */; };
		70944D992E20410C00526319 /* BondDetailService.swift in Sources */ = {isa = PBXBuildFile; fileRef = 70944D982E20410C00526319 /* BondDetailService.swift */; };
		70944D9B2E20452E00526319 /* BondDetailViewModel.swift in Sources */ = {isa = PBXBuildFile; fileRef = 70944D9A2E20452E00526319 /* BondDetailViewModel.swift */; };
		70944D9D2E20458000526319 /* BondDetailViewController.swift in Sources */ = {isa = PBXBuildFile; fileRef = 70944D9C2E20458000526319 /* BondDetailViewController.swift */; };
		70C72DC42E20D10000D060A9 /* TabSwitcherView.swift in Sources */ = {isa = PBXBuildFile; fileRef = 70C72DC32E20D10000D060A9 /* TabSwitcherView.swift */; };
		70C72DC82E20DABC00D060A9 /* BarChartView.swift in Sources */ = {isa = PBXBuildFile; fileRef = 70C72DC72E20DABC00D060A9 /* BarChartView.swift */; };
/* End PBXBuildFile section */

/* Begin PBXContainerItemProxy section */
		701F6AB42E200D61001F94F4 /* PBXContainerItemProxy */ = {
			isa = PBXContainerItemProxy;
			containerPortal = 701F6A922E200D60001F94F4 /* Project object */;
			proxyType = 1;
			remoteGlobalIDString = 701F6A992E200D60001F94F4;
			remoteInfo = TapAssignment;
		};
		701F6ABE2E200D61001F94F4 /* PBXContainerItemProxy */ = {
			isa = PBXContainerItemProxy;
			containerPortal = 701F6A922E200D60001F94F4 /* Project object */;
			proxyType = 1;
			remoteGlobalIDString = 701F6A992E200D60001F94F4;
			remoteInfo = TapAssignment;
		};
/* End PBXContainerItemProxy section */

/* Begin PBXFileReference section */
		701F6A9A2E200D60001F94F4 /* TapAssignment.app */ = {isa = PBXFileReference; explicitFileType = wrapper.application; includeInIndex = 0; path = TapAssignment.app; sourceTree = BUILT_PRODUCTS_DIR; };
		701F6A9D2E200D60001F94F4 /* AppDelegate.swift */ = {isa = PBXFileReference; lastKnownFileType = sourcecode.swift; path = AppDelegate.swift; sourceTree = "<group>"; };
		701F6A9F2E200D60001F94F4 /* SceneDelegate.swift */ = {isa = PBXFileReference; lastKnownFileType = sourcecode.swift; path = SceneDelegate.swift; sourceTree = "<group>"; };
		701F6AA12E200D60001F94F4 /* ViewController.swift */ = {isa = PBXFileReference; lastKnownFileType = sourcecode.swift; path = ViewController.swift; sourceTree = "<group>"; };
		701F6AA42E200D60001F94F4 /* Base */ = {isa = PBXFileReference; lastKnownFileType = file.storyboard; name = Base; path = Base.lproj/Main.storyboard; sourceTree = "<group>"; };
		701F6AA72E200D60001F94F4 /* TapAssignment.xcdatamodel */ = {isa = PBXFileReference; lastKnownFileType = wrapper.xcdatamodel; path = TapAssignment.xcdatamodel; sourceTree = "<group>"; };
		701F6AA92E200D61001F94F4 /* Assets.xcassets */ = {isa = PBXFileReference; lastKnownFileType = folder.assetcatalog; path = Assets.xcassets; sourceTree = "<group>"; };
		701F6AAC2E200D61001F94F4 /* Base */ = {isa = PBXFileReference; lastKnownFileType = file.storyboard; name = Base; path = Base.lproj/LaunchScreen.storyboard; sourceTree = "<group>"; };
		701F6AAE2E200D61001F94F4 /* Info.plist */ = {isa = PBXFileReference; lastKnownFileType = text.plist.xml; path = Info.plist; sourceTree = "<group>"; };
		701F6AB32E200D61001F94F4 /* TapAssignmentTests.xctest */ = {isa = PBXFileReference; explicitFileType = wrapper.cfbundle; includeInIndex = 0; path = TapAssignmentTests.xctest; sourceTree = BUILT_PRODUCTS_DIR; };
		701F6AB72E200D61001F94F4 /* TapAssignmentTests.swift */ = {isa = PBXFileReference; lastKnownFileType = sourcecode.swift; path = TapAssignmentTests.swift; sourceTree = "<group>"; };
		701F6ABD2E200D61001F94F4 /* TapAssignmentUITests.xctest */ = {isa = PBXFileReference; explicitFileType = wrapper.cfbundle; includeInIndex = 0; path = TapAssignmentUITests.xctest; sourceTree = BUILT_PRODUCTS_DIR; };
		701F6AC12E200D61001F94F4 /* TapAssignmentUITests.swift */ = {isa = PBXFileReference; lastKnownFileType = sourcecode.swift; path = TapAssignmentUITests.swift; sourceTree = "<group>"; };
		701F6AC32E200D61001F94F4 /* TapAssignmentUITestsLaunchTests.swift */ = {isa = PBXFileReference; lastKnownFileType = sourcecode.swift; path = TapAssignmentUITestsLaunchTests.swift; sourceTree = "<group>"; };
		70944D852E202EC300526319 /* BondListItem.swift */ = {isa = PBXFileReference; lastKnownFileType = sourcecode.swift; path = BondListItem.swift; sourceTree = "<group>"; };
		70944D8A2E2030AD00526319 /* BondListService.swift */ = {isa = PBXFileReference; lastKnownFileType = sourcecode.swift; path = BondListService.swift; sourceTree = "<group>"; };
		70944D8E2E20310C00526319 /* BondListViewModel.swift */ = {isa = PBXFileReference; lastKnownFileType = sourcecode.swift; path = BondListViewModel.swift; sourceTree = "<group>"; };
		70944D912E20319F00526319 /* BondListViewController.swift */ = {isa = PBXFileReference; lastKnownFileType = sourcecode.swift; path = BondListViewController.swift; sourceTree = "<group>"; };
		70944D942E20365700526319 /* BondCell.swift */ = {isa = PBXFileReference; lastKnownFileType = sourcecode.swift; path = BondCell.swift; sourceTree = "<group>"; };
		70944D962E2038B100526319 /* BondDetail.swift */ = {isa = PBXFileReference; lastKnownFileType = sourcecode.swift; path = BondDetail.swift; sourceTree = "<group>"; };
		70944D982E20410C00526319 /* BondDetailService.swift */ = {isa = PBXFileReference; lastKnownFileType = sourcecode.swift; path = BondDetailService.swift; sourceTree = "<group>"; };
		70944D9A2E20452E00526319 /* BondDetailViewModel.swift */ = {isa = PBXFileReference; lastKnownFileType = sourcecode.swift; path = BondDetailViewModel.swift; sourceTree = "<group>"; };
		70944D9C2E20458000526319 /* BondDetailViewController.swift */ = {isa = PBXFileReference; lastKnownFileType = sourcecode.swift; path = BondDetailViewController.swift; sourceTree = "<group>"; };
		70C72DC32E20D10000D060A9 /* TabSwitcherView.swift */ = {isa = PBXFileReference; lastKnownFileType = sourcecode.swift; path = TabSwitcherView.swift; sourceTree = "<group>"; };
		70C72DC72E20DABC00D060A9 /* BarChartView.swift */ = {isa = PBXFileReference; lastKnownFileType = sourcecode.swift; path = BarChartView.swift; sourceTree = "<group>"; };
/* End PBXFileReference section */

/* Begin PBXFrameworksBuildPhase section */
		701F6A972E200D60001F94F4 /* Frameworks */ = {
			isa = PBXFrameworksBuildPhase;
			buildActionMask = 2147483647;
			files = (
			);
			runOnlyForDeploymentPostprocessing = 0;
		};
		701F6AB02E200D61001F94F4 /* Frameworks */ = {
			isa = PBXFrameworksBuildPhase;
			buildActionMask = 2147483647;
			files = (
			);
			runOnlyForDeploymentPostprocessing = 0;
		};
		701F6ABA2E200D61001F94F4 /* Frameworks */ = {
			isa = PBXFrameworksBuildPhase;
			buildActionMask = 2147483647;
			files = (
			);
			runOnlyForDeploymentPostprocessing = 0;
		};
/* End PBXFrameworksBuildPhase section */

/* Begin PBXGroup section */
		701F6A912E200D60001F94F4 = {
			isa = PBXGroup;
			children = (
				701F6A9C2E200D60001F94F4 /* TapAssignment */,
				701F6AB62E200D61001F94F4 /* TapAssignmentTests */,
				701F6AC02E200D61001F94F4 /* TapAssignmentUITests */,
				701F6A9B2E200D60001F94F4 /* Products */,
			);
			sourceTree = "<group>";
		};
		701F6A9B2E200D60001F94F4 /* Products */ = {
			isa = PBXGroup;
			children = (
				701F6A9A2E200D60001F94F4 /* TapAssignment.app */,
				701F6AB32E200D61001F94F4 /* TapAssignmentTests.xctest */,
				701F6ABD2E200D61001F94F4 /* TapAssignmentUITests.xctest */,
			);
			name = Products;
			sourceTree = "<group>";
		};
		701F6A9C2E200D60001F94F4 /* TapAssignment */ = {
			isa = PBXGroup;
			children = (
				70C72DC52E20D1B800D060A9 /* Views */,
				70944D932E2031DB00526319 /* UI Components */,
				70944D902E20315B00526319 /* ViewController */,
				70944D8D2E2030E200526319 /* ViewModel */,
				70944D892E20307600526319 /* Network */,
				70944D842E202A5600526319 /* Models */,
				701F6A9D2E200D60001F94F4 /* AppDelegate.swift */,
				701F6A9F2E200D60001F94F4 /* SceneDelegate.swift */,
				701F6AA12E200D60001F94F4 /* ViewController.swift */,
				701F6AA32E200D60001F94F4 /* Main.storyboard */,
				701F6AA92E200D61001F94F4 /* Assets.xcassets */,
				701F6AAB2E200D61001F94F4 /* LaunchScreen.storyboard */,
				701F6AAE2E200D61001F94F4 /* Info.plist */,
				701F6AA62E200D60001F94F4 /* TapAssignment.xcdatamodeld */,
			);
			path = TapAssignment;
			sourceTree = "<group>";
		};
		701F6AB62E200D61001F94F4 /* TapAssignmentTests */ = {
			isa = PBXGroup;
			children = (
				701F6AB72E200D61001F94F4 /* TapAssignmentTests.swift */,
			);
			path = TapAssignmentTests;
			sourceTree = "<group>";
		};
		701F6AC02E200D61001F94F4 /* TapAssignmentUITests */ = {
			isa = PBXGroup;
			children = (
				701F6AC12E200D61001F94F4 /* TapAssignmentUITests.swift */,
				701F6AC32E200D61001F94F4 /* TapAssignmentUITestsLaunchTests.swift */,
			);
			path = TapAssignmentUITests;
			sourceTree = "<group>";
		};
		70944D842E202A5600526319 /* Models */ = {
			isa = PBXGroup;
			children = (
				70944D852E202EC300526319 /* BondListItem.swift */,
				70944D962E2038B100526319 /* BondDetail.swift */,
			);
			path = Models;
			sourceTree = "<group>";
		};
		70944D892E20307600526319 /* Network */ = {
			isa = PBXGroup;
			children = (
				70944D8A2E2030AD00526319 /* BondListService.swift */,
				70944D982E20410C00526319 /* BondDetailService.swift */,
			);
			path = Network;
			sourceTree = "<group>";
		};
		70944D8D2E2030E200526319 /* ViewModel */ = {
			isa = PBXGroup;
			children = (
				70944D8E2E20310C00526319 /* BondListViewModel.swift */,
				70944D9A2E20452E00526319 /* BondDetailViewModel.swift */,
			);
			path = ViewModel;
			sourceTree = "<group>";
		};
		70944D902E20315B00526319 /* ViewController */ = {
			isa = PBXGroup;
			children = (
				70944D912E20319F00526319 /* BondListViewController.swift */,
				70944D9C2E20458000526319 /* BondDetailViewController.swift */,
			);
			path = ViewController;
			sourceTree = "<group>";
		};
		70944D932E2031DB00526319 /* UI Components */ = {
			isa = PBXGroup;
			children = (
				70944D942E20365700526319 /* BondCell.swift */,
				70C72DC32E20D10000D060A9 /* TabSwitcherView.swift */,
			);
			path = "UI Components";
			sourceTree = "<group>";
		};
		70C72DC52E20D1B800D060A9 /* Views */ = {
			isa = PBXGroup;
			children = (
				70C72DC62E20D1C400D060A9 /* Chart */,
			);
			path = Views;
			sourceTree = "<group>";
		};
		70C72DC62E20D1C400D060A9 /* Chart */ = {
			isa = PBXGroup;
			children = (
				70C72DC72E20DABC00D060A9 /* BarChartView.swift */,
			);
			path = Chart;
			sourceTree = "<group>";
		};
/* End PBXGroup section */

/* Begin PBXNativeTarget section */
		701F6A992E200D60001F94F4 /* TapAssignment */ = {
			isa = PBXNativeTarget;
			buildConfigurationList = 701F6AC72E200D61001F94F4 /* Build configuration list for PBXNativeTarget "TapAssignment" */;
			buildPhases = (
				701F6A962E200D60001F94F4 /* Sources */,
				701F6A972E200D60001F94F4 /* Frameworks */,
				701F6A982E200D60001F94F4 /* Resources */,
			);
			buildRules = (
			);
			dependencies = (
			);
			name = TapAssignment;
			productName = TapAssignment;
			productReference = 701F6A9A2E200D60001F94F4 /* TapAssignment.app */;
			productType = "com.apple.product-type.application";
		};
		701F6AB22E200D61001F94F4 /* TapAssignmentTests */ = {
			isa = PBXNativeTarget;
			buildConfigurationList = 701F6ACA2E200D61001F94F4 /* Build configuration list for PBXNativeTarget "TapAssignmentTests" */;
			buildPhases = (
				701F6AAF2E200D61001F94F4 /* Sources */,
				701F6AB02E200D61001F94F4 /* Frameworks */,
				701F6AB12E200D61001F94F4 /* Resources */,
			);
			buildRules = (
			);
			dependencies = (
				701F6AB52E200D61001F94F4 /* PBXTargetDependency */,
			);
			name = TapAssignmentTests;
			productName = TapAssignmentTests;
			productReference = 701F6AB32E200D61001F94F4 /* TapAssignmentTests.xctest */;
			productType = "com.apple.product-type.bundle.unit-test";
		};
		701F6ABC2E200D61001F94F4 /* TapAssignmentUITests */ = {
			isa = PBXNativeTarget;
			buildConfigurationList = 701F6ACD2E200D61001F94F4 /* Build configuration list for PBXNativeTarget "TapAssignmentUITests" */;
			buildPhases = (
				701F6AB92E200D61001F94F4 /* Sources */,
				701F6ABA2E200D61001F94F4 /* Frameworks */,
				701F6ABB2E200D61001F94F4 /* Resources */,
			);
			buildRules = (
			);
			dependencies = (
				701F6ABF2E200D61001F94F4 /* PBXTargetDependency */,
			);
			name = TapAssignmentUITests;
			productName = TapAssignmentUITests;
			productReference = 701F6ABD2E200D61001F94F4 /* TapAssignmentUITests.xctest */;
			productType = "com.apple.product-type.bundle.ui-testing";
		};
/* End PBXNativeTarget section */

/* Begin PBXProject section */
		701F6A922E200D60001F94F4 /* Project object */ = {
			isa = PBXProject;
			attributes = {
				BuildIndependentTargetsInParallel = 1;
				LastSwiftUpdateCheck = 1510;
				LastUpgradeCheck = 1510;
				TargetAttributes = {
					701F6A992E200D60001F94F4 = {
						CreatedOnToolsVersion = 15.1;
					};
					701F6AB22E200D61001F94F4 = {
						CreatedOnToolsVersion = 15.1;
						TestTargetID = 701F6A992E200D60001F94F4;
					};
					701F6ABC2E200D61001F94F4 = {
						CreatedOnToolsVersion = 15.1;
						TestTargetID = 701F6A992E200D60001F94F4;
					};
				};
			};
			buildConfigurationList = 701F6A952E200D60001F94F4 /* Build configuration list for PBXProject "TapAssignment" */;
			compatibilityVersion = "Xcode 14.0";
			developmentRegion = en;
			hasScannedForEncodings = 0;
			knownRegions = (
				en,
				Base,
			);
			mainGroup = 701F6A912E200D60001F94F4;
			productRefGroup = 701F6A9B2E200D60001F94F4 /* Products */;
			projectDirPath = "";
			projectRoot = "";
			targets = (
				701F6A992E200D60001F94F4 /* TapAssignment */,
				701F6AB22E200D61001F94F4 /* TapAssignmentTests */,
				701F6ABC2E200D61001F94F4 /* TapAssignmentUITests */,
			);
		};
/* End PBXProject section */

/* Begin PBXResourcesBuildPhase section */
		701F6A982E200D60001F94F4 /* Resources */ = {
			isa = PBXResourcesBuildPhase;
			buildActionMask = 2147483647;
			files = (
				701F6AAD2E200D61001F94F4 /* LaunchScreen.storyboard in Resources */,
				701F6AAA2E200D61001F94F4 /* Assets.xcassets in Resources */,
				701F6AA52E200D60001F94F4 /* Main.storyboard in Resources */,
			);
			runOnlyForDeploymentPostprocessing = 0;
		};
		701F6AB12E200D61001F94F4 /* Resources */ = {
			isa = PBXResourcesBuildPhase;
			buildActionMask = 2147483647;
			files = (
			);
			runOnlyForDeploymentPostprocessing = 0;
		};
		701F6ABB2E200D61001F94F4 /* Resources */ = {
			isa = PBXResourcesBuildPhase;
			buildActionMask = 2147483647;
			files = (
			);
			runOnlyForDeploymentPostprocessing = 0;
		};
/* End PBXResourcesBuildPhase section */

/* Begin PBXSourcesBuildPhase section */
		701F6A962E200D60001F94F4 /* Sources */ = {
			isa = PBXSourcesBuildPhase;
			buildActionMask = 2147483647;
			files = (
				701F6AA82E200D60001F94F4 /* TapAssignment.xcdatamodeld in Sources */,
				701F6AA22E200D60001F94F4 /* ViewController.swift in Sources */,
				70C72DC82E20DABC00D060A9 /* BarChartView.swift in Sources */,
				70944D992E20410C00526319 /* BondDetailService.swift in Sources */,
				701F6A9E2E200D60001F94F4 /* AppDelegate.swift in Sources */,
				70944D862E202EC300526319 /* BondListItem.swift in Sources */,
				70944D9D2E20458000526319 /* BondDetailViewController.swift in Sources */,
				70944D8B2E2030AD00526319 /* BondListService.swift in Sources */,
				70944D9B2E20452E00526319 /* BondDetailViewModel.swift in Sources */,
				70944D922E20319F00526319 /* BondListViewController.swift in Sources */,
				701F6AA02E200D60001F94F4 /* SceneDelegate.swift in Sources */,
				70944D972E2038B100526319 /* BondDetail.swift in Sources */,
				70C72DC42E20D10000D060A9 /* TabSwitcherView.swift in Sources */,
				70944D8F2E20310C00526319 /* BondListViewModel.swift in Sources */,
				70944D952E20365700526319 /* BondCell.swift in Sources */,
			);
			runOnlyForDeploymentPostprocessing = 0;
		};
		701F6AAF2E200D61001F94F4 /* Sources */ = {
			isa = PBXSourcesBuildPhase;
			buildActionMask = 2147483647;
			files = (
				701F6AB82E200D61001F94F4 /* TapAssignmentTests.swift in Sources */,
			);
			runOnlyForDeploymentPostprocessing = 0;
		};
		701F6AB92E200D61001F94F4 /* Sources */ = {
			isa = PBXSourcesBuildPhase;
			buildActionMask = 2147483647;
			files = (
				701F6AC22E200D61001F94F4 /* TapAssignmentUITests.swift in Sources */,
				701F6AC42E200D61001F94F4 /* TapAssignmentUITestsLaunchTests.swift in Sources */,
			);
			runOnlyForDeploymentPostprocessing = 0;
		};
/* End PBXSourcesBuildPhase section */

/* Begin PBXTargetDependency section */
		701F6AB52E200D61001F94F4 /* PBXTargetDependency */ = {
			isa = PBXTargetDependency;
			target = 701F6A992E200D60001F94F4 /* TapAssignment */;
			targetProxy = 701F6AB42E200D61001F94F4 /* PBXContainerItemProxy */;
		};
		701F6ABF2E200D61001F94F4 /* PBXTargetDependency */ = {
			isa = PBXTargetDependency;
			target = 701F6A992E200D60001F94F4 /* TapAssignment */;
			targetProxy = 701F6ABE2E200D61001F94F4 /* PBXContainerItemProxy */;
		};
/* End PBXTargetDependency section */

/* Begin PBXVariantGroup section */
		701F6AA32E200D60001F94F4 /* Main.storyboard */ = {
			isa = PBXVariantGroup;
			children = (
				701F6AA42E200D60001F94F4 /* Base */,
			);
			name = Main.storyboard;
			sourceTree = "<group>";
		};
		701F6AAB2E200D61001F94F4 /* LaunchScreen.storyboard */ = {
			isa = PBXVariantGroup;
			children = (
				701F6AAC2E200D61001F94F4 /* Base */,
			);
			name = LaunchScreen.storyboard;
			sourceTree = "<group>";
		};
/* End PBXVariantGroup section */

/* Begin XCBuildConfiguration section */
		701F6AC52E200D61001F94F4 /* Debug */ = {
			isa = XCBuildConfiguration;
			buildSettings = {
				ALWAYS_SEARCH_USER_PATHS = NO;
				ASSETCATALOG_COMPILER_GENERATE_SWIFT_ASSET_SYMBOL_EXTENSIONS = YES;
				CLANG_ANALYZER_NONNULL = YES;
				CLANG_ANALYZER_NUMBER_OBJECT_CONVERSION = YES_AGGRESSIVE;
				CLANG_CXX_LANGUAGE_STANDARD = "gnu++20";
				CLANG_ENABLE_MODULES = YES;
				CLANG_ENABLE_OBJC_ARC = YES;
				CLANG_ENABLE_OBJC_WEAK = YES;
				CLANG_WARN_BLOCK_CAPTURE_AUTORELEASING = YES;
				CLANG_WARN_BOOL_CONVERSION = YES;
				CLANG_WARN_COMMA = YES;
				CLANG_WARN_CONSTANT_CONVERSION = YES;
				CLANG_WARN_DEPRECATED_OBJC_IMPLEMENTATIONS = YES;
				CLANG_WARN_DIRECT_OBJC_ISA_USAGE = YES_ERROR;
				CLANG_WARN_DOCUMENTATION_COMMENTS = YES;
				CLANG_WARN_EMPTY_BODY = YES;
				CLANG_WARN_ENUM_CONVERSION = YES;
				CLANG_WARN_INFINITE_RECURSION = YES;
				CLANG_WARN_INT_CONVERSION = YES;
				CLANG_WARN_NON_LITERAL_NULL_CONVERSION = YES;
				CLANG_WARN_OBJC_IMPLICIT_RETAIN_SELF = YES;
				CLANG_WARN_OBJC_LITERAL_CONVERSION = YES;
				CLANG_WARN_OBJC_ROOT_CLASS = YES_ERROR;
				CLANG_WARN_QUOTED_INCLUDE_IN_FRAMEWORK_HEADER = YES;
				CLANG_WARN_RANGE_LOOP_ANALYSIS = YES;
				CLANG_WARN_STRICT_PROTOTYPES = YES;
				CLANG_WARN_SUSPICIOUS_MOVE = YES;
				CLANG_WARN_UNGUARDED_AVAILABILITY = YES_AGGRESSIVE;
				CLANG_WARN_UNREACHABLE_CODE = YES;
				CLANG_WARN__DUPLICATE_METHOD_MATCH = YES;
				COPY_PHASE_STRIP = NO;
				DEBUG_INFORMATION_FORMAT = dwarf;
				ENABLE_STRICT_OBJC_MSGSEND = YES;
				ENABLE_TESTABILITY = YES;
				ENABLE_USER_SCRIPT_SANDBOXING = YES;
				GCC_C_LANGUAGE_STANDARD = gnu17;
				GCC_DYNAMIC_NO_PIC = NO;
				GCC_NO_COMMON_BLOCKS = YES;
				GCC_OPTIMIZATION_LEVEL = 0;
				GCC_PREPROCESSOR_DEFINITIONS = (
					"DEBUG=1",
					"$(inherited)",
				);
				GCC_WARN_64_TO_32_BIT_CONVERSION = YES;
				GCC_WARN_ABOUT_RETURN_TYPE = YES_ERROR;
				GCC_WARN_UNDECLARED_SELECTOR = YES;
				GCC_WARN_UNINITIALIZED_AUTOS = YES_AGGRESSIVE;
				GCC_WARN_UNUSED_FUNCTION = YES;
				GCC_WARN_UNUSED_VARIABLE = YES;
				IPHONEOS_DEPLOYMENT_TARGET = 17.2;
				LOCALIZATION_PREFERS_STRING_CATALOGS = YES;
				MTL_ENABLE_DEBUG_INFO = INCLUDE_SOURCE;
				MTL_FAST_MATH = YES;
				ONLY_ACTIVE_ARCH = YES;
				SDKROOT = iphoneos;
				SWIFT_ACTIVE_COMPILATION_CONDITIONS = "DEBUG $(inherited)";
				SWIFT_OPTIMIZATION_LEVEL = "-Onone";
			};
			name = Debug;
		};
		701F6AC62E200D61001F94F4 /* Release */ = {
			isa = XCBuildConfiguration;
			buildSettings = {
				ALWAYS_SEARCH_USER_PATHS = NO;
				ASSETCATALOG_COMPILER_GENERATE_SWIFT_ASSET_SYMBOL_EXTENSIONS = YES;
				CLANG_ANALYZER_NONNULL = YES;
				CLANG_ANALYZER_NUMBER_OBJECT_CONVERSION = YES_AGGRESSIVE;
				CLANG_CXX_LANGUAGE_STANDARD = "gnu++20";
				CLANG_ENABLE_MODULES = YES;
				CLANG_ENABLE_OBJC_ARC = YES;
				CLANG_ENABLE_OBJC_WEAK = YES;
				CLANG_WARN_BLOCK_CAPTURE_AUTORELEASING = YES;
				CLANG_WARN_BOOL_CONVERSION = YES;
				CLANG_WARN_COMMA = YES;
				CLANG_WARN_CONSTANT_CONVERSION = YES;
				CLANG_WARN_DEPRECATED_OBJC_IMPLEMENTATIONS = YES;
				CLANG_WARN_DIRECT_OBJC_ISA_USAGE = YES_ERROR;
				CLANG_WARN_DOCUMENTATION_COMMENTS = YES;
				CLANG_WARN_EMPTY_BODY = YES;
				CLANG_WARN_ENUM_CONVERSION = YES;
				CLANG_WARN_INFINITE_RECURSION = YES;
				CLANG_WARN_INT_CONVERSION = YES;
				CLANG_WARN_NON_LITERAL_NULL_CONVERSION = YES;
				CLANG_WARN_OBJC_IMPLICIT_RETAIN_SELF = YES;
				CLANG_WARN_OBJC_LITERAL_CONVERSION = YES;
				CLANG_WARN_OBJC_ROOT_CLASS = YES_ERROR;
				CLANG_WARN_QUOTED_INCLUDE_IN_FRAMEWORK_HEADER = YES;
				CLANG_WARN_RANGE_LOOP_ANALYSIS = YES;
				CLANG_WARN_STRICT_PROTOTYPES = YES;
				CLANG_WARN_SUSPICIOUS_MOVE = YES;
				CLANG_WARN_UNGUARDED_AVAILABILITY = YES_AGGRESSIVE;
				CLANG_WARN_UNREACHABLE_CODE = YES;
				CLANG_WARN__DUPLICATE_METHOD_MATCH = YES;
				COPY_PHASE_STRIP = NO;
				DEBUG_INFORMATION_FORMAT = "dwarf-with-dsym";
				ENABLE_NS_ASSERTIONS = NO;
				ENABLE_STRICT_OBJC_MSGSEND = YES;
				ENABLE_USER_SCRIPT_SANDBOXING = YES;
				GCC_C_LANGUAGE_STANDARD = gnu17;
				GCC_NO_COMMON_BLOCKS = YES;
				GCC_WARN_64_TO_32_BIT_CONVERSION = YES;
				GCC_WARN_ABOUT_RETURN_TYPE = YES_ERROR;
				GCC_WARN_UNDECLARED_SELECTOR = YES;
				GCC_WARN_UNINITIALIZED_AUTOS = YES_AGGRESSIVE;
				GCC_WARN_UNUSED_FUNCTION = YES;
				GCC_WARN_UNUSED_VARIABLE = YES;
				IPHONEOS_DEPLOYMENT_TARGET = 17.2;
				LOCALIZATION_PREFERS_STRING_CATALOGS = YES;
				MTL_ENABLE_DEBUG_INFO = NO;
				MTL_FAST_MATH = YES;
				SDKROOT = iphoneos;
				SWIFT_COMPILATION_MODE = wholemodule;
				VALIDATE_PRODUCT = YES;
			};
			name = Release;
		};
		701F6AC82E200D61001F94F4 /* Debug */ = {
			isa = XCBuildConfiguration;
			buildSettings = {
				ASSETCATALOG_COMPILER_APPICON_NAME = AppIcon;
				ASSETCATALOG_COMPILER_GLOBAL_ACCENT_COLOR_NAME = AccentColor;
				CODE_SIGN_STYLE = Automatic;
				CURRENT_PROJECT_VERSION = 1;
				DEVELOPMENT_TEAM = H7R28ZNW4Y;
				GENERATE_INFOPLIST_FILE = YES;
				INFOPLIST_FILE = TapAssignment/Info.plist;
				INFOPLIST_KEY_UIApplicationSupportsIndirectInputEvents = YES;
				INFOPLIST_KEY_UILaunchStoryboardName = LaunchScreen;
				INFOPLIST_KEY_UIMainStoryboardFile = Main;
				INFOPLIST_KEY_UISupportedInterfaceOrientations_iPad = "UIInterfaceOrientationPortrait UIInterfaceOrientationPortraitUpsideDown UIInterfaceOrientationLandscapeLeft UIInterfaceOrientationLandscapeRight";
				INFOPLIST_KEY_UISupportedInterfaceOrientations_iPhone = "UIInterfaceOrientationPortrait UIInterfaceOrientationLandscapeLeft UIInterfaceOrientationLandscapeRight";
				LD_RUNPATH_SEARCH_PATHS = (
					"$(inherited)",
					"@executable_path/Frameworks",
				);
				MARKETING_VERSION = 1.0;
				PRODUCT_BUNDLE_IDENTIFIER = com.pavandjavali.TapAssignment;
				PRODUCT_NAME = "$(TARGET_NAME)";
				SWIFT_EMIT_LOC_STRINGS = YES;
				SWIFT_VERSION = 5.0;
				TARGETED_DEVICE_FAMILY = "1,2";
			};
			name = Debug;
		};
		701F6AC92E200D61001F94F4 /* Release */ = {
			isa = XCBuildConfiguration;
			buildSettings = {
				ASSETCATALOG_COMPILER_APPICON_NAME = AppIcon;
				ASSETCATALOG_COMPILER_GLOBAL_ACCENT_COLOR_NAME = AccentColor;
				CODE_SIGN_STYLE = Automatic;
				CURRENT_PROJECT_VERSION = 1;
				DEVELOPMENT_TEAM = H7R28ZNW4Y;
				GENERATE_INFOPLIST_FILE = YES;
				INFOPLIST_FILE = TapAssignment/Info.plist;
				INFOPLIST_KEY_UIApplicationSupportsIndirectInputEvents = YES;
				INFOPLIST_KEY_UILaunchStoryboardName = LaunchScreen;
				INFOPLIST_KEY_UIMainStoryboardFile = Main;
				INFOPLIST_KEY_UISupportedInterfaceOrientations_iPad = "UIInterfaceOrientationPortrait UIInterfaceOrientationPortraitUpsideDown UIInterfaceOrientationLandscapeLeft UIInterfaceOrientationLandscapeRight";
				INFOPLIST_KEY_UISupportedInterfaceOrientations_iPhone = "UIInterfaceOrientationPortrait UIInterfaceOrientationLandscapeLeft UIInterfaceOrientationLandscapeRight";
				LD_RUNPATH_SEARCH_PATHS = (
					"$(inherited)",
					"@executable_path/Frameworks",
				);
				MARKETING_VERSION = 1.0;
				PRODUCT_BUNDLE_IDENTIFIER = com.pavandjavali.TapAssignment;
				PRODUCT_NAME = "$(TARGET_NAME)";
				SWIFT_EMIT_LOC_STRINGS = YES;
				SWIFT_VERSION = 5.0;
				TARGETED_DEVICE_FAMILY = "1,2";
			};
			name = Release;
		};
		701F6ACB2E200D61001F94F4 /* Debug */ = {
			isa = XCBuildConfiguration;
			buildSettings = {
				ALWAYS_EMBED_SWIFT_STANDARD_LIBRARIES = YES;
				BUNDLE_LOADER = "$(TEST_HOST)";
				CODE_SIGN_STYLE = Automatic;
				CURRENT_PROJECT_VERSION = 1;
				DEVELOPMENT_TEAM = H7R28ZNW4Y;
				GENERATE_INFOPLIST_FILE = YES;
				IPHONEOS_DEPLOYMENT_TARGET = 17.2;
				MARKETING_VERSION = 1.0;
				PRODUCT_BUNDLE_IDENTIFIER = com.pavandjavali.TapAssignmentTests;
				PRODUCT_NAME = "$(TARGET_NAME)";
				SWIFT_EMIT_LOC_STRINGS = NO;
				SWIFT_VERSION = 5.0;
				TARGETED_DEVICE_FAMILY = "1,2";
				TEST_HOST = "$(BUILT_PRODUCTS_DIR)/TapAssignment.app/$(BUNDLE_EXECUTABLE_FOLDER_PATH)/TapAssignment";
			};
			name = Debug;
		};
		701F6ACC2E200D61001F94F4 /* Release */ = {
			isa = XCBuildConfiguration;
			buildSettings = {
				ALWAYS_EMBED_SWIFT_STANDARD_LIBRARIES = YES;
				BUNDLE_LOADER = "$(TEST_HOST)";
				CODE_SIGN_STYLE = Automatic;
				CURRENT_PROJECT_VERSION = 1;
				DEVELOPMENT_TEAM = H7R28ZNW4Y;
				GENERATE_INFOPLIST_FILE = YES;
				IPHONEOS_DEPLOYMENT_TARGET = 17.2;
				MARKETING_VERSION = 1.0;
				PRODUCT_BUNDLE_IDENTIFIER = com.pavandjavali.TapAssignmentTests;
				PRODUCT_NAME = "$(TARGET_NAME)";
				SWIFT_EMIT_LOC_STRINGS = NO;
				SWIFT_VERSION = 5.0;
				TARGETED_DEVICE_FAMILY = "1,2";
				TEST_HOST = "$(BUILT_PRODUCTS_DIR)/TapAssignment.app/$(BUNDLE_EXECUTABLE_FOLDER_PATH)/TapAssignment";
			};
			name = Release;
		};
		701F6ACE2E200D61001F94F4 /* Debug */ = {
			isa = XCBuildConfiguration;
			buildSettings = {
				ALWAYS_EMBED_SWIFT_STANDARD_LIBRARIES = YES;
				CODE_SIGN_STYLE = Automatic;
				CURRENT_PROJECT_VERSION = 1;
				DEVELOPMENT_TEAM = H7R28ZNW4Y;
				GENERATE_INFOPLIST_FILE = YES;
				MARKETING_VERSION = 1.0;
				PRODUCT_BUNDLE_IDENTIFIER = com.pavandjavali.TapAssignmentUITests;
				PRODUCT_NAME = "$(TARGET_NAME)";
				SWIFT_EMIT_LOC_STRINGS = NO;
				SWIFT_VERSION = 5.0;
				TARGETED_DEVICE_FAMILY = "1,2";
				TEST_TARGET_NAME = TapAssignment;
			};
			name = Debug;
		};
		701F6ACF2E200D61001F94F4 /* Release */ = {
			isa = XCBuildConfiguration;
			buildSettings = {
				ALWAYS_EMBED_SWIFT_STANDARD_LIBRARIES = YES;
				CODE_SIGN_STYLE = Automatic;
				CURRENT_PROJECT_VERSION = 1;
				DEVELOPMENT_TEAM = H7R28ZNW4Y;
				GENERATE_INFOPLIST_FILE = YES;
				MARKETING_VERSION = 1.0;
				PRODUCT_BUNDLE_IDENTIFIER = com.pavandjavali.TapAssignmentUITests;
				PRODUCT_NAME = "$(TARGET_NAME)";
				SWIFT_EMIT_LOC_STRINGS = NO;
				SWIFT_VERSION = 5.0;
				TARGETED_DEVICE_FAMILY = "1,2";
				TEST_TARGET_NAME = TapAssignment;
			};
			name = Release;
		};
/* End XCBuildConfiguration section */

/* Begin XCConfigurationList section */
		701F6A952E200D60001F94F4 /* Build configuration list for PBXProject "TapAssignment" */ = {
			isa = XCConfigurationList;
			buildConfigurations = (
				701F6AC52E200D61001F94F4 /* Debug */,
				701F6AC62E200D61001F94F4 /* Release */,
			);
			defaultConfigurationIsVisible = 0;
			defaultConfigurationName = Release;
		};
		701F6AC72E200D61001F94F4 /* Build configuration list for PBXNativeTarget "TapAssignment" */ = {
			isa = XCConfigurationList;
			buildConfigurations = (
				701F6AC82E200D61001F94F4 /* Debug */,
				701F6AC92E200D61001F94F4 /* Release */,
			);
			defaultConfigurationIsVisible = 0;
			defaultConfigurationName = Release;
		};
		701F6ACA2E200D61001F94F4 /* Build configuration list for PBXNativeTarget "TapAssignmentTests" */ = {
			isa = XCConfigurationList;
			buildConfigurations = (
				701F6ACB2E200D61001F94F4 /* Debug */,
				701F6ACC2E200D61001F94F4 /* Release */,
			);
			defaultConfigurationIsVisible = 0;
			defaultConfigurationName = Release;
		};
		701F6ACD2E200D61001F94F4 /* Build configuration list for PBXNativeTarget "TapAssignmentUITests" */ = {
			isa = XCConfigurationList;
			buildConfigurations = (
				701F6ACE2E200D61001F94F4 /* Debug */,
				701F6ACF2E200D61001F94F4 /* Release */,
			);
			defaultConfigurationIsVisible = 0;
			defaultConfigurationName = Release;
		};
/* End XCConfigurationList section */

/* Begin XCVersionGroup section */
		701F6AA62E200D60001F94F4 /* TapAssignment.xcdatamodeld */ = {
			isa = XCVersionGroup;
			children = (
				701F6AA72E200D60001F94F4 /* TapAssignment.xcdatamodel */,
			);
			currentVersion = 701F6AA72E200D60001F94F4 /* TapAssignment.xcdatamodel */;
			path = TapAssignment.xcdatamodeld;
			sourceTree = "<group>";
			versionGroupType = wrapper.xcdatamodel;
		};
/* End XCVersionGroup section */
	};
	rootObject = 701F6A922E200D60001F94F4 /* Project object */;
}
